{
	"name": "@bazaar/progress",
	"version": "1.0.0",
	"lockfileVersion": 1,
	"requires": true,
	"dependencies": {
		"@material/animation": {
			"version": "3.1.0",
			"resolved": "https://registry.npmjs.org/@material/animation/-/animation-3.1.0.tgz",
			"integrity": "sha512-ZfP95awrPBLhpaCTPNx+xKYPp2D88fzf5p5YNVp6diUAGRpq3g12Aq7qJfIHDXAFo5CtrYhgOKRqIKxUVcFisQ==",
			"requires": {
				"tslib": "^1.9.3"
			}
		},
		"@material/base": {
			"version": "1.0.0",
			"resolved": "https://registry.npmjs.org/@material/base/-/base-1.0.0.tgz",
			"integrity": "sha512-5dxFp46x5FA+Epg6YHLzN+5zRt9S2wR84UdvVAEJ1egea94m9UHUg7y9tAnNSN16aexRSywmzyLwPr+i8PGEYA==",
			"requires": {
				"tslib": "^1.9.3"
			}
		},
		"@material/feature-targeting": {
			"version": "3.1.0",
			"resolved": "https://registry.npmjs.org/@material/feature-targeting/-/feature-targeting-3.1.0.tgz",
			"integrity": "sha512-aXAa1Pv6w32URacE9LfMsl9zI6hFwx1K0Lp3Xpyf4rAkmaAB6z0gOkhicOrVFc0f64YheJgHjE7hJFieVenQdw=="
		},
		"@material/linear-progress": {
			"version": "3.1.0",
			"resolved": "https://registry.npmjs.org/@material/linear-progress/-/linear-progress-3.1.0.tgz",
			"integrity": "sha512-PMfzOgcwcso2AXwD6148v8ybAcxlxXcTwvnCmh14Vjia5MAWmkPkOAiiSGe1DjeB0V9MNKmfd7bqGRuxzOTuCA==",
			"requires": {
				"@material/animation": "^3.1.0",
				"@material/base": "^3.1.0",
				"@material/theme": "^3.1.0",
				"tslib": "^1.9.3"
			},
			"dependencies": {
				"@material/base": {
					"version": "3.1.0",
					"resolved": "https://registry.npmjs.org/@material/base/-/base-3.1.0.tgz",
					"integrity": "sha512-pWEBHyPrMV3rdnjqWWH96h5t3MxQI6V1J9jOor+UBG7bXQtr6InTabTqhz5CLY7r+qZU8YvNh2OKIy8heP0cyQ==",
					"requires": {
						"tslib": "^1.9.3"
					}
				}
			}
		},
		"@material/mwc-base": {
			"version": "0.6.0",
			"resolved": "https://registry.npmjs.org/@material/mwc-base/-/mwc-base-0.6.0.tgz",
			"integrity": "sha512-AiMEoU3dkLhuEnK5HJ0yMrdcyq5rUq9LdooxOSLMzPRr/ALT8YS14/oklufYiPagehzJcL0MeiyL40OlSpkyBA==",
			"requires": {
				"@material/base": "^1.0.0",
				"lit-element": "^2.0.1",
				"lit-html": "^1.0.0"
			}
		},
		"@material/mwc-linear-progress": {
			"version": "0.6.0",
			"resolved": "https://registry.npmjs.org/@material/mwc-linear-progress/-/mwc-linear-progress-0.6.0.tgz",
			"integrity": "sha512-nKWEKS3tlQ3kQUbK8AnDp20n6uX52qtmBF4IRYwuefo4UPPZrX5gMeGBRKgCuOizqqhNaOnhGhqR4b31VCBVrQ==",
			"requires": {
				"@material/linear-progress": "^1.0.0",
				"@material/mwc-base": "^0.6.0"
			},
			"dependencies": {
				"@material/animation": {
					"version": "1.0.0",
					"resolved": "https://registry.npmjs.org/@material/animation/-/animation-1.0.0.tgz",
					"integrity": "sha512-Ed5/vggn6ZhSJ87yn3ZS1d826VJNFz73jHF2bSsgRtHDoB8KCuOwQMfdgAgDa4lKDF6CDIPCKBZPKrs2ubehdw==",
					"requires": {
						"tslib": "^1.9.3"
					}
				},
				"@material/feature-targeting": {
					"version": "0.44.1",
					"resolved": "https://registry.npmjs.org/@material/feature-targeting/-/feature-targeting-0.44.1.tgz",
					"integrity": "sha512-90cc7njn4aHbH9UxY8qgZth1W5JgOgcEdWdubH1t7sFkwqFxS5g3zgxSBt46TygFBVIXNZNq35Xmg80wgqO7Pg=="
				},
				"@material/linear-progress": {
					"version": "1.1.0",
					"resolved": "https://registry.npmjs.org/@material/linear-progress/-/linear-progress-1.1.0.tgz",
					"integrity": "sha512-MIK0cD/o1rTLREtAfTK3v60h7A0/wAu8/3v9dPTMlAPe+Y5gOarAizYWM3r/bp88sGO4gU8nPK0X9/daD28pNw==",
					"requires": {
						"@material/animation": "^1.0.0",
						"@material/base": "^1.0.0",
						"@material/theme": "^1.1.0",
						"tslib": "^1.9.3"
					}
				},
				"@material/theme": {
					"version": "1.1.0",
					"resolved": "https://registry.npmjs.org/@material/theme/-/theme-1.1.0.tgz",
					"integrity": "sha512-YYUV9Rhbx4r/EMb/zoOYJUWjhXChNaLlH1rqt3vpNVyxRcxGqoVMGp5u1XALBCFiD9dACPKLIkKyRYa928nmPQ==",
					"requires": {
						"@material/feature-targeting": "^0.44.1"
					}
				}
			}
		},
		"@material/theme": {
			"version": "3.1.0",
			"resolved": "https://registry.npmjs.org/@material/theme/-/theme-3.1.0.tgz",
			"integrity": "sha512-N4JX+akOwg1faAvFvIEhDcwW4cZfUpwEn8lct6Vs3WczjLF6/KdIoLVaYh+eVl1bzfsoIuWvx56j0B1PjXZw9g==",
			"requires": {
				"@material/feature-targeting": "^3.1.0"
			}
		},
		"lit-element": {
			"version": "2.2.1",
			"resolved": "https://registry.npmjs.org/lit-element/-/lit-element-2.2.1.tgz",
			"integrity": "sha512-ipDcgQ1EpW6Va2Z6dWm79jYdimVepO5GL0eYkZrFvdr0OD/1N260Q9DH+K5HXHFrRoC7dOg+ZpED2XE0TgGdXw==",
			"requires": {
				"lit-html": "^1.0.0"
			}
		},
		"lit-html": {
			"version": "1.1.1",
			"resolved": "https://registry.npmjs.org/lit-html/-/lit-html-1.1.1.tgz",
			"integrity": "sha512-1WqhkPpj+CKwLRXCCbyRGnWkcFKE4ft2+j8C2zaXwFUK9I2vYDzTuDGPh0H9hZcDBEwoe6YpPC8AO5734EPORQ=="
		},
		"tslib": {
			"version": "1.10.0",
			"resolved": "https://registry.npmjs.org/tslib/-/tslib-1.10.0.tgz",
			"integrity": "sha512-qOebF53frne81cf0S9B41ByenJ3/IuH8yJKngAX35CmiZySA0khhkovshKK+jGCaMnVomla7gVlIcc3EvKPbTQ=="
		}
	}
}
